
Microsoft Visual Studio Solution File, Format Version 12.00
# Visual Studio Version 17
VisualStudioVersion = 17.0.31903.59
MinimumVisualStudioVersion = 10.0.40219.1
Project("{FAE04EC0-301F-11D3-BF4B-00C04F79EFBC}") = "API", "API\API.csproj", "{A20D74B9-3DB0-459F-B700-8BA7544B617A}"
EndProject
Project("{FAE04EC0-301F-11D3-BF4B-00C04F79EFBC}") = "Application", "Application\Application.csproj", "{2D75C611-1D51-40DA-8ADA-108C8CC04CDF}"
EndProject
Project("{FAE04EC0-301F-11D3-BF4B-00C04F79EFBC}") = "Domain", "Domain\Domain.csproj", "{0300AC5B-DF80-4FED-82FD-5C3F29F8F38A}"
EndProject
Project("{FAE04EC0-301F-11D3-BF4B-00C04F79EFBC}") = "Persistence", "Persistence\Persistence.csproj", "{AD7A40AE-C00C-471A-AE6B-65D4072941FD}"
EndProject
Global
	GlobalSection(SolutionConfigurationPlatforms) = preSolution
		Debug|Any CPU = Debug|Any CPU
		Release|Any CPU = Release|Any CPU
	EndGlobalSection
	GlobalSection(SolutionProperties) = preSolution
		HideSolutionNode = FALSE
	EndGlobalSection
	GlobalSection(ProjectConfigurationPlatforms) = postSolution
		{A20D74B9-3DB0-459F-B700-8BA7544B617A}.Debug|Any CPU.ActiveCfg = Debug|Any CPU
		{A20D74B9-3DB0-459F-B700-8BA7544B617A}.Debug|Any CPU.Build.0 = Debug|Any CPU
		{A20D74B9-3DB0-459F-B700-8BA7544B617A}.Release|Any CPU.ActiveCfg = Release|Any CPU
		{A20D74B9-3DB0-459F-B700-8BA7544B617A}.Release|Any CPU.Build.0 = Release|Any CPU
		{2D75C611-1D51-40DA-8ADA-108C8CC04CDF}.Debug|Any CPU.ActiveCfg = Debug|Any CPU
		{2D75C611-1D51-40DA-8ADA-108C8CC04CDF}.Debug|Any CPU.Build.0 = Debug|Any CPU
		{2D75C611-1D51-40DA-8ADA-108C8CC04CDF}.Release|Any CPU.ActiveCfg = Release|Any CPU
		{2D75C611-1D51-40DA-8ADA-108C8CC04CDF}.Release|Any CPU.Build.0 = Release|Any CPU
		{0300AC5B-DF80-4FED-82FD-5C3F29F8F38A}.Debug|Any CPU.ActiveCfg = Debug|Any CPU
		{0300AC5B-DF80-4FED-82FD-5C3F29F8F38A}.Debug|Any CPU.Build.0 = Debug|Any CPU
		{0300AC5B-DF80-4FED-82FD-5C3F29F8F38A}.Release|Any CPU.ActiveCfg = Release|Any CPU
		{0300AC5B-DF80-4FED-82FD-5C3F29F8F38A}.Release|Any CPU.Build.0 = Release|Any CPU
		{AD7A40AE-C00C-471A-AE6B-65D4072941FD}.Debug|Any CPU.ActiveCfg = Debug|Any CPU
		{AD7A40AE-C00C-471A-AE6B-65D4072941FD}.Debug|Any CPU.Build.0 = Debug|Any CPU
		{AD7A40AE-C00C-471A-AE6B-65D4072941FD}.Release|Any CPU.ActiveCfg = Release|Any CPU
		{AD7A40AE-C00C-471A-AE6B-65D4072941FD}.Release|Any CPU.Build.0 = Release|Any CPU
	EndGlobalSection
EndGlobal
